// !$*UTF8*$!
{
	archiveVersion = 1;
	classes = {
	};
	objectVersion = 50;
	objects = {

/* Begin PBXBuildFile section */
		4E73084F2295172E00C016FA /* DetailViewController.swift in Sources */ = {isa = PBXBuildFile; fileRef = 4E73084E2295172E00C016FA /* DetailViewController.swift */; };
		4E730851229524B900C016FA /* DetailCellViewController.swift in Sources */ = {isa = PBXBuildFile; fileRef = 4E730850229524B900C016FA /* DetailCellViewController.swift */; };
		4E73085322952F1C00C016FA /* myTableViewController.swift in Sources */ = {isa = PBXBuildFile; fileRef = 4E73085222952F1C00C016FA /* myTableViewController.swift */; };
		4EA345C822829C46008A237D /* AppDelegate.swift in Sources */ = {isa = PBXBuildFile; fileRef = 4EA345C722829C46008A237D /* AppDelegate.swift */; };
		4EA345CA22829C46008A237D /* ViewController.swift in Sources */ = {isa = PBXBuildFile; fileRef = 4EA345C922829C46008A237D /* ViewController.swift */; };
		4EA345CD22829C46008A237D /* Main.storyboard in Resources */ = {isa = PBXBuildFile; fileRef = 4EA345CB22829C46008A237D /* Main.storyboard */; };
		4EA345CF22829C49008A237D /* Assets.xcassets in Resources */ = {isa = PBXBuildFile; fileRef = 4EA345CE22829C49008A237D /* Assets.xcassets */; };
		4EA345D222829C49008A237D /* LaunchScreen.storyboard in Resources */ = {isa = PBXBuildFile; fileRef = 4EA345D022829C49008A237D /* LaunchScreen.storyboard */; };
		4EA345DA2282B367008A237D /* Bird.png in Resources */ = {isa = PBXBuildFile; fileRef = 4EA345D92282B367008A237D /* Bird.png */; };
/* End PBXBuildFile section */

/* Begin PBXFileReference section */
		4E73084E2295172E00C016FA /* DetailViewController.swift */ = {isa = PBXFileReference; lastKnownFileType = sourcecode.swift; path = DetailViewController.swift; sourceTree = "<group>"; };
		4E730850229524B900C016FA /* DetailCellViewController.swift */ = {isa = PBXFileReference; lastKnownFileType = sourcecode.swift; path = DetailCellViewController.swift; sourceTree = "<group>"; };
		4E73085222952F1C00C016FA /* myTableViewController.swift */ = {isa = PBXFileReference; lastKnownFileType = sourcecode.swift; path = myTableViewController.swift; sourceTree = "<group>"; };
		4EA345C422829C46008A237D /* TableView01.app */ = {isa = PBXFileReference; explicitFileType = wrapper.application; includeInIndex = 0; path = TableView01.app; sourceTree = BUILT_PRODUCTS_DIR; };
		4EA345C722829C46008A237D /* AppDelegate.swift */ = {isa = PBXFileReference; lastKnownFileType = sourcecode.swift; path = AppDelegate.swift; sourceTree = "<group>"; };
		4EA345C922829C46008A237D /* ViewController.swift */ = {isa = PBXFileReference; lastKnownFileType = sourcecode.swift; path = ViewController.swift; sourceTree = "<group>"; };
		4EA345CC22829C46008A237D /* Base */ = {isa = PBXFileReference; lastKnownFileType = file.storyboard; name = Base; path = Base.lproj/Main.storyboard; sourceTree = "<group>"; };
		4EA345CE22829C49008A237D /* Assets.xcassets */ = {isa = PBXFileReference; lastKnownFileType = folder.assetcatalog; path = Assets.xcassets; sourceTree = "<group>"; };
		4EA345D122829C49008A237D /* Base */ = {isa = PBXFileReference; lastKnownFileType = file.storyboard; name = Base; path = Base.lproj/LaunchScreen.storyboard; sourceTree = "<group>"; };
		4EA345D322829C49008A237D /* Info.plist */ = {isa = PBXFileReference; lastKnownFileType = text.plist.xml; path = Info.plist; sourceTree = "<group>"; };
		4EA345D92282B367008A237D /* Bird.png */ = {isa = PBXFileReference; lastKnownFileType = image.png; path = Bird.png; sourceTree = "<group>"; };
/* End PBXFileReference section */

/* Begin PBXFrameworksBuildPhase section */
		4EA345C122829C46008A237D /* Frameworks */ = {
			isa = PBXFrameworksBuildPhase;
			buildActionMask = 2147483647;
			files = (
			);
			runOnlyForDeploymentPostprocessing = 0;
		};
/* End PBXFrameworksBuildPhase section */

/* Begin PBXGroup section */
		4EA345BB22829C46008A237D = {
			isa = PBXGroup;
			children = (
				4EA345C622829C46008A237D /* TableView01 */,
				4EA345C522829C46008A237D /* Products */,
			);
			sourceTree = "<group>";
		};
		4EA345C522829C46008A237D /* Products */ = {
			isa = PBXGroup;
			children = (
				4EA345C422829C46008A237D /* TableView01.app */,
			);
			name = Products;
			sourceTree = "<group>";
		};
		4EA345C622829C46008A237D /* TableView01 */ = {
			isa = PBXGroup;
			children = (
				4EA345C722829C46008A237D /* AppDelegate.swift */,
				4EA345C922829C46008A237D /* ViewController.swift */,
				4E73085222952F1C00C016FA /* myTableViewController.swift */,
				4EA345CB22829C46008A237D /* Main.storyboard */,
				4E730850229524B900C016FA /* DetailCellViewController.swift */,
				4E73084E2295172E00C016FA /* DetailViewController.swift */,
				4EA345CE22829C49008A237D /* Assets.xcassets */,
				4EA345D022829C49008A237D /* LaunchScreen.storyboard */,
				4EA345D92282B367008A237D /* Bird.png */,
				4EA345D322829C49008A237D /* Info.plist */,
			);
			path = TableView01;
			sourceTree = "<group>";
		};
/* End PBXGroup section */

/* Begin PBXNativeTarget section */
		4EA345C322829C46008A237D /* TableView01 */ = {
			isa = PBXNativeTarget;
			buildConfigurationList = 4EA345D622829C49008A237D /* Build configuration list for PBXNativeTarget "TableView01" */;
			buildPhases = (
				4EA345C022829C46008A237D /* Sources */,
				4EA345C122829C46008A237D /* Frameworks */,
				4EA345C222829C46008A237D /* Resources */,
			);
			buildRules = (
			);
			dependencies = (
			);
			name = TableView01;
			productName = TableView01;
			productReference = 4EA345C422829C46008A237D /* TableView01.app */;
			productType = "com.apple.product-type.application";
		};
/* End PBXNativeTarget section */

/* Begin PBXProject section */
		4EA345BC22829C46008A237D /* Project object */ = {
			isa = PBXProject;
			attributes = {
				LastSwiftUpdateCheck = 1010;
				LastUpgradeCheck = 1010;
				ORGANIZATIONNAME = 201835867;
				TargetAttributes = {
					4EA345C322829C46008A237D = {
						CreatedOnToolsVersion = 10.1;
					};
				};
			};
			buildConfigurationList = 4EA345BF22829C46008A237D /* Build configuration list for PBXProject "TableView01" */;
			compatibilityVersion = "Xcode 9.3";
			developmentRegion = en;
			hasScannedForEncodings = 0;
			knownRegions = (
				en,
				Base,
			);
			mainGroup = 4EA345BB22829C46008A237D;
			productRefGroup = 4EA345C522829C46008A237D /* Products */;
			projectDirPath = "";
			projectRoot = "";
			targets = (
				4EA345C322829C46008A237D /* TableView01 */,
			);
		};
/* End PBXProject section */

/* Begin PBXResourcesBuildPhase section */
		4EA345C222829C46008A237D /* Resources */ = {
			isa = PBXResourcesBuildPhase;
			buildActionMask = 2147483647;
			files = (
				4EA345D222829C49008A237D /* LaunchScreen.storyboard in Resources */,
				4EA345CF22829C49008A237D /* Assets.xcassets in Resources */,
				4EA345DA2282B367008A237D /* Bird.png in Resources */,
				4EA345CD22829C46008A237D /* Main.storyboard in Resources */,
			);
			runOnlyForDeploymentPostprocessing = 0;
		};
/* End PBXResourcesBuildPhase section */

/* Begin PBXSourcesBuildPhase section */
		4EA345C022829C46008A237D /* Sources */ = {
			isa = PBXSourcesBuildPhase;
			buildActionMask = 2147483647;
			files = (
				4E73085322952F1C00C016FA /* myTableViewController.swift in Sources */,
				4E73084F2295172E00C016FA /* DetailViewController.swift in Sources */,
				4EA345CA22829C46008A237D /* ViewController.swift in Sources */,
				4EA345C822829C46008A237D /* AppDelegate.swift in Sources */,
				4E730851229524B900C016FA /* DetailCellViewController.swift in Sources */,
			);
			runOnlyForDeploymentPostprocessing = 0;
		};
/* End PBXSourcesBuildPhase section */

/* Begin PBXVariantGroup section */
		4EA345CB22829C46008A237D /* Main.storyboard */ = {
			isa = PBXVariantGroup;
			children = (
				4EA345CC22829C46008A237D /* Base */,
			);
			name = Main.storyboard;
			sourceTree = "<group>";
		};
		4EA345D022829C49008A237D /* LaunchScreen.storyboard */ = {
			isa = PBXVariantGroup;
			children = (
				4EA345D122829C49008A237D /* Base */,
			);
			name = LaunchScreen.storyboard;
			sourceTree = "<group>";
		};
/* End PBXVariantGroup section */

/* Begin XCBuildConfiguration section */
		4EA345D422829C49008A237D /* Debug */ = {
			isa = XCBuildConfiguration;
			buildSettings = {
				ALWAYS_SEARCH_USER_PATHS = NO;
				CLANG_ANALYZER_NONNULL = YES;
				CLANG_ANALYZER_NUMBER_OBJECT_CONVERSION = YES_AGGRESSIVE;
				CLANG_CXX_LANGUAGE_STANDARD = "gnu++14";
				CLANG_CXX_LIBRARY = "libc++";
				CLANG_ENABLE_MODULES = YES;
				CLANG_ENABLE_OBJC_ARC = YES;
				CLANG_ENABLE_OBJC_WEAK = YES;
				CLANG_WARN_BLOCK_CAPTURE_AUTORELEASING = YES;
				CLANG_WARN_BOOL_CONVERSION = YES;
				CLANG_WARN_COMMA = YES;
				CLANG_WARN_CONSTANT_CONVERSION = YES;
				CLANG_WARN_DEPRECATED_OBJC_IMPLEMENTATIONS = YES;
				CLANG_WARN_DIRECT_OBJC_ISA_USAGE = YES_ERROR;
				CLANG_WARN_DOCUMENTATION_COMMENTS = YES;
				CLANG_WARN_EMPTY_BODY = YES;
				CLANG_WARN_ENUM_CONVERSION = YES;
				CLANG_WARN_INFINITE_RECURSION = YES;
				CLANG_WARN_INT_CONVERSION = YES;
				CLANG_WARN_NON_LITERAL_NULL_CONVERSION = YES;
				CLANG_WARN_OBJC_IMPLICIT_RETAIN_SELF = YES;
				CLANG_WARN_OBJC_LITERAL_CONVERSION = YES;
				CLANG_WARN_OBJC_ROOT_CLASS = YES_ERROR;
				CLANG_WARN_RANGE_LOOP_ANALYSIS = YES;
				CLANG_WARN_STRICT_PROTOTYPES = YES;
				CLANG_WARN_SUSPICIOUS_MOVE = YES;
				CLANG_WARN_UNGUARDED_AVAILABILITY = YES_AGGRESSIVE;
				CLANG_WARN_UNREACHABLE_CODE = YES;
				CLANG_WARN__DUPLICATE_METHOD_MATCH = YES;
				CODE_SIGN_IDENTITY = "iPhone Developer";
				COPY_PHASE_STRIP = NO;
				DEBUG_INFORMATION_FORMAT = dwarf;
				ENABLE_STRICT_OBJC_MSGSEND = YES;
				ENABLE_TESTABILITY = YES;
				GCC_C_LANGUAGE_STANDARD = gnu11;
				GCC_DYNAMIC_NO_PIC = NO;
				GCC_NO_COMMON_BLOCKS = YES;
				GCC_OPTIMIZATION_LEVEL = 0;
				GCC_PREPROCESSOR_DEFINITIONS = (
					"DEBUG=1",
					"$(inherited)",
				);
				GCC_WARN_64_TO_32_BIT_CONVERSION = YES;
				GCC_WARN_ABOUT_RETURN_TYPE = YES_ERROR;
				GCC_WARN_UNDECLARED_SELECTOR = YES;
				GCC_WARN_UNINITIALIZED_AUTOS = YES_AGGRESSIVE;
				GCC_WARN_UNUSED_FUNCTION = YES;
				GCC_WARN_UNUSED_VARIABLE = YES;
				IPHONEOS_DEPLOYMENT_TARGET = 12.1;
				MTL_ENABLE_DEBUG_INFO = INCLUDE_SOURCE;
				MTL_FAST_MATH = YES;
				ONLY_ACTIVE_ARCH = YES;
				SDKROOT = iphoneos;
				SWIFT_ACTIVE_COMPILATION_CONDITIONS = DEBUG;
				SWIFT_OPTIMIZATION_LEVEL = "-Onone";
			};
			name = Debug;
		};
		4EA345D522829C49008A237D /* Release */ = {
			isa = XCBuildConfiguration;
			buildSettings = {
				ALWAYS_SEARCH_USER_PATHS = NO;
				CLANG_ANALYZER_NONNULL = YES;
				CLANG_ANALYZER_NUMBER_OBJECT_CONVERSION = YES_AGGRESSIVE;
				CLANG_CXX_LANGUAGE_STANDARD = "gnu++14";
				CLANG_CXX_LIBRARY = "libc++";
				CLANG_ENABLE_MODULES = YES;
				CLANG_ENABLE_OBJC_ARC = YES;
				CLANG_ENABLE_OBJC_WEAK = YES;
				CLANG_WARN_BLOCK_CAPTURE_AUTORELEASING = YES;
				CLANG_WARN_BOOL_CONVERSION = YES;
				CLANG_WARN_COMMA = YES;
				CLANG_WARN_CONSTANT_CONVERSION = YES;
				CLANG_WARN_DEPRECATED_OBJC_IMPLEMENTATIONS = YES;
				CLANG_WARN_DIRECT_OBJC_ISA_USAGE = YES_ERROR;
				CLANG_WARN_DOCUMENTATION_COMMENTS = YES;
				CLANG_WARN_EMPTY_BODY = YES;
				CLANG_WARN_ENUM_CONVERSION = YES;
				CLANG_WARN_INFINITE_RECURSION = YES;
				CLANG_WARN_INT_CONVERSION = YES;
				CLANG_WARN_NON_LITERAL_NULL_CONVERSION = YES;
				CLANG_WARN_OBJC_IMPLICIT_RETAIN_SELF = YES;
				CLANG_WARN_OBJC_LITERAL_CONVERSION = YES;
				CLANG_WARN_OBJC_ROOT_CLASS = YES_ERROR;
				CLANG_WARN_RANGE_LOOP_ANALYSIS = YES;
				CLANG_WARN_STRICT_PROTOTYPES = YES;
				CLANG_WARN_SUSPICIOUS_MOVE = YES;
				CLANG_WARN_UNGUARDED_AVAILABILITY = YES_AGGRESSIVE;
				CLANG_WARN_UNREACHABLE_CODE = YES;
				CLANG_WARN__DUPLICATE_METHOD_MATCH = YES;
				CODE_SIGN_IDENTITY = "iPhone Developer";
				COPY_PHASE_STRIP = NO;
				DEBUG_INFORMATION_FORMAT = "dwarf-with-dsym";
				ENABLE_NS_ASSERTIONS = NO;
				ENABLE_STRICT_OBJC_MSGSEND = YES;
				GCC_C_LANGUAGE_STANDARD = gnu11;
				GCC_NO_COMMON_BLOCKS = YES;
				GCC_WARN_64_TO_32_BIT_CONVERSION = YES;
				GCC_WARN_ABOUT_RETURN_TYPE = YES_ERROR;
				GCC_WARN_UNDECLARED_SELECTOR = YES;
				GCC_WARN_UNINITIALIZED_AUTOS = YES_AGGRESSIVE;
				GCC_WARN_UNUSED_FUNCTION = YES;
				GCC_WARN_UNUSED_VARIABLE = YES;
				IPHONEOS_DEPLOYMENT_TARGET = 12.1;
				MTL_ENABLE_DEBUG_INFO = NO;
				MTL_FAST_MATH = YES;
				SDKROOT = iphoneos;
				SWIFT_COMPILATION_MODE = wholemodule;
				SWIFT_OPTIMIZATION_LEVEL = "-O";
				VALIDATE_PRODUCT = YES;
			};
			name = Release;
		};
		4EA345D722829C49008A237D /* Debug */ = {
			isa = XCBuildConfiguration;
			buildSettings = {
				ASSETCATALOG_COMPILER_APPICON_NAME = AppIcon;
				CODE_SIGN_STYLE = Automatic;
				INFOPLIST_FILE = TableView01/Info.plist;
				LD_RUNPATH_SEARCH_PATHS = (
					"$(inherited)",
					"@executable_path/Frameworks",
				);
				PRODUCT_BUNDLE_IDENTIFIER = "-01835867.TableView01";
				PRODUCT_NAME = "$(TARGET_NAME)";
				SWIFT_VERSION = 4.2;
				TARGETED_DEVICE_FAMILY = "1,2";
			};
			name = Debug;
		};
		4EA345D822829C49008A237D /* Release */ = {
			isa = XCBuildConfiguration;
			buildSettings = {
				ASSETCATALOG_COMPILER_APPICON_NAME = AppIcon;
				CODE_SIGN_STYLE = Automatic;
				INFOPLIST_FILE = TableView01/Info.plist;
				LD_RUNPATH_SEARCH_PATHS = (
					"$(inherited)",
					"@executable_path/Frameworks",
				);
				PRODUCT_BUNDLE_IDENTIFIER = "-01835867.TableView01";
				PRODUCT_NAME = "$(TARGET_NAME)";
				SWIFT_VERSION = 4.2;
				TARGETED_DEVICE_FAMILY = "1,2";
			};
			name = Release;
		};
/* End XCBuildConfiguration section */

/* Begin XCConfigurationList section */
		4EA345BF22829C46008A237D /* Build configuration list for PBXProject "TableView01" */ = {
			isa = XCConfigurationList;
			buildConfigurations = (
				4EA345D422829C49008A237D /* Debug */,
				4EA345D522829C49008A237D /* Release */,
			);
			defaultConfigurationIsVisible = 0;
			defaultConfigurationName = Release;
		};
		4EA345D622829C49008A237D /* Build configuration list for PBXNativeTarget "TableView01" */ = {
			isa = XCConfigurationList;
			buildConfigurations = (
				4EA345D722829C49008A237D /* Debug */,
				4EA345D822829C49008A237D /* Release */,
			);
			defaultConfigurationIsVisible = 0;
			defaultConfigurationName = Release;
		};
/* End XCConfigurationList section */
	};
	rootObject = 4EA345BC22829C46008A237D /* Project object */;
}
